
Microsoft Visual Studio Solution File, Format Version 12.00
# Visual Studio Version 17
VisualStudioVersion = 17.0.31903.59
MinimumVisualStudioVersion = 10.0.40219.1
Project("{9A19103F-16F7-4668-BE54-9A1E7A4F7556}") = "BDO Plus", "BDO Plus.csproj", "{D148BFA4-EDC5-4FA8-9527-1DB03C58CB72}"
EndProject
Global
	GlobalSection(SolutionConfigurationPlatforms) = preSolution
		Debug|Any CPU = Debug|Any CPU
		Release|Any CPU = Release|Any CPU
	EndGlobalSection
	GlobalSection(ProjectConfigurationPlatforms) = postSolution
		{D148BFA4-EDC5-4FA8-9527-1DB03C58CB72}.Debug|Any CPU.ActiveCfg = Debug|Any CPU
		{D148BFA4-EDC5-4FA8-9527-1DB03C58CB72}.Debug|Any CPU.Build.0 = Debug|Any CPU
		{D148BFA4-EDC5-4FA8-9527-1DB03C58CB72}.Release|Any CPU.ActiveCfg = Release|Any CPU
		{D148BFA4-EDC5-4FA8-9527-1DB03C58CB72}.Release|Any CPU.Build.0 = Release|Any CPU
	EndGlobalSection
	GlobalSection(SolutionProperties) = preSolution
		HideSolutionNode = FALSE
	EndGlobalSection
	GlobalSection(ExtensibilityGlobals) = postSolution
		SolutionGuid = {0660DC49-6D7B-40E3-9440-83B505A75F4F}
	EndGlobalSection
EndGlobal
